
Microsoft Visual Studio Solution File, Format Version 12.00
# Visual Studio Version 17
VisualStudioVersion = 17.4.33205.214
MinimumVisualStudioVersion = 10.0.40219.1
Project("{888888A0-9F3D-457C-B088-3A5042F75D52}") = "too_failidega", "too_failidega\too_failidega.pyproj", "{46DAC4A2-ACA8-4F4E-BC03-B457B2FD734D}"
EndProject
Global
	GlobalSection(SolutionConfigurationPlatforms) = preSolution
		Debug|Any CPU = Debug|Any CPU
		Release|Any CPU = Release|Any CPU
	EndGlobalSection
	GlobalSection(ProjectConfigurationPlatforms) = postSolution
		{46DAC4A2-ACA8-4F4E-BC03-B457B2FD734D}.Debug|Any CPU.ActiveCfg = Debug|Any CPU
		{46DAC4A2-ACA8-4F4E-BC03-B457B2FD734D}.Release|Any CPU.ActiveCfg = Release|Any CPU
	EndGlobalSection
	GlobalSection(SolutionProperties) = preSolution
		HideSolutionNode = FALSE
	EndGlobalSection
	GlobalSection(ExtensibilityGlobals) = postSolution
		SolutionGuid = {E5749C0D-C79C-46A9-BB53-05A121CDDBBF}
	EndGlobalSection
EndGlobal
